
Microsoft Visual Studio Solution File, Format Version 12.00
# Visual Studio Version 17
VisualStudioVersion = 17.0.32014.148
MinimumVisualStudioVersion = 10.0.40219.1
Project("{9A19103F-16F7-4668-BE54-9A1E7A4F7556}") = "BlazorApp1.Server", "BlazorApp1\Server\BlazorApp1.Server.csproj", "{66E39191-B286-402F-B330-33B7EF0703B2}"
EndProject
Project("{9A19103F-16F7-4668-BE54-9A1E7A4F7556}") = "BlazorApp1.Client", "BlazorApp1\Client\BlazorApp1.Client.csproj", "{06FB8A94-FBE6-44CC-B1E2-0142A20CE77C}"
EndProject
Project("{9A19103F-16F7-4668-BE54-9A1E7A4F7556}") = "BlazorApp1.Shared", "BlazorApp1\Shared\BlazorApp1.Shared.csproj", "{CC1041BF-AEDF-46F3-B0AC-D7DD22FE60F8}"
EndProject
Global
	GlobalSection(SolutionConfigurationPlatforms) = preSolution
		Debug|Any CPU = Debug|Any CPU
		Release|Any CPU = Release|Any CPU
	EndGlobalSection
	GlobalSection(ProjectConfigurationPlatforms) = postSolution
		{66E39191-B286-402F-B330-33B7EF0703B2}.Debug|Any CPU.ActiveCfg = Debug|Any CPU
		{66E39191-B286-402F-B330-33B7EF0703B2}.Debug|Any CPU.Build.0 = Debug|Any CPU
		{66E39191-B286-402F-B330-33B7EF0703B2}.Release|Any CPU.ActiveCfg = Release|Any CPU
		{66E39191-B286-402F-B330-33B7EF0703B2}.Release|Any CPU.Build.0 = Release|Any CPU
		{06FB8A94-FBE6-44CC-B1E2-0142A20CE77C}.Debug|Any CPU.ActiveCfg = Debug|Any CPU
		{06FB8A94-FBE6-44CC-B1E2-0142A20CE77C}.Debug|Any CPU.Build.0 = Debug|Any CPU
		{06FB8A94-FBE6-44CC-B1E2-0142A20CE77C}.Release|Any CPU.ActiveCfg = Release|Any CPU
		{06FB8A94-FBE6-44CC-B1E2-0142A20CE77C}.Release|Any CPU.Build.0 = Release|Any CPU
		{CC1041BF-AEDF-46F3-B0AC-D7DD22FE60F8}.Debug|Any CPU.ActiveCfg = Debug|Any CPU
		{CC1041BF-AEDF-46F3-B0AC-D7DD22FE60F8}.Debug|Any CPU.Build.0 = Debug|Any CPU
		{CC1041BF-AEDF-46F3-B0AC-D7DD22FE60F8}.Release|Any CPU.ActiveCfg = Release|Any CPU
		{CC1041BF-AEDF-46F3-B0AC-D7DD22FE60F8}.Release|Any CPU.Build.0 = Release|Any CPU
	EndGlobalSection
	GlobalSection(SolutionProperties) = preSolution
		HideSolutionNode = FALSE
	EndGlobalSection
	GlobalSection(ExtensibilityGlobals) = postSolution
		SolutionGuid = {05D3B7B0-806B-42B0-9183-CAC7843FBADC}
	EndGlobalSection
EndGlobal
